
Microsoft Visual Studio Solution File, Format Version 12.00
# Visual Studio Version 18
VisualStudioVersion = 18.9.12128.139
MinimumVisualStudioVersion = 10.0.40219.1
Project("{FAE04EC0-301F-11D3-BF4B-00C04F79EFBC}") = "OpcUaExporter.Core", "src\OpcUaExporter.Core\OpcUaExporter.Core.csproj", "{81B214AD-1172-4F36-8439-43AE56398D0B}"
EndProject
Project("{FAE04EC0-301F-11D3-BF4B-00C04F79EFBC}") = "OpcUaExporter.UI", "src\OpcUaExporter.UI\OpcUaExporter.UI.csproj", "{EEC4F172-DB2D-4609-951D-C4CE13F7C345}"
EndProject
Project("{FAE04EC0-301F-11D3-BF4B-00C04F79EFBC}") = "OpcUaExporter.Wpf", "src\OpcUaExporter.Wpf\OpcUaExporter.Wpf.csproj", "{946F18DE-49D4-4899-AF69-6695203BB149}"
EndProject
Project("{FAE04EC0-301F-11D3-BF4B-00C04F79EFBC}") = "OpcUaExporter.Tests", "tests\OpcUaExporter.Tests\OpcUaExporter.Tests.csproj", "{1901F0AB-EB9E-4313-90C7-8EB0EE28342E}"
EndProject
Project("{2150E333-8FDC-42A3-9474-1A3956D46DE8}") = "src", "src", "{827E0CD3-B72D-47B6-A68D-7590B98EB39B}"
EndProject
Project("{FAE04EC0-301F-11D3-BF4B-00C04F79EFBC}") = "OpcUaShared", "src\OpcUaShared\OpcUaShared.csproj", "{F6F9AAC8-D2F9-4C59-97A3-17693115FCA6}"
EndProject
Project("{FAE04EC0-301F-11D3-BF4B-00C04F79EFBC}") = "OpcUaBridge.Core", "src\OpcUaBridge.Core\OpcUaBridge.Core.csproj", "{7EB3F476-E404-4AC5-972C-A8AB5B2360F0}"
EndProject
Project("{2150E333-8FDC-42A3-9474-1A3956D46DE8}") = "tests", "tests", "{0AB3BF05-4346-4AA6-1389-037BE0695223}"
EndProject
Project("{FAE04EC0-301F-11D3-BF4B-00C04F79EFBC}") = "OpcUaBridge.Tests", "tests\OpcUaBridge.Tests\OpcUaBridge.Tests.csproj", "{B92718C6-19B3-4C50-B5B1-53511980F756}"
EndProject
Project("{FAE04EC0-301F-11D3-BF4B-00C04F79EFBC}") = "OpcUaBridge.Host", "src\OpcUaBridge.Host\OpcUaBridge.Host.csproj", "{C29D01D3-BC57-41D7-A2C7-8545DF366533}"
EndProject
Global
	GlobalSection(SolutionConfigurationPlatforms) = preSolution
		Debug|Any CPU = Debug|Any CPU
		Debug|x64 = Debug|x64
		Debug|x86 = Debug|x86
		Release|Any CPU = Release|Any CPU
		Release|x64 = Release|x64
		Release|x86 = Release|x86
	EndGlobalSection
	GlobalSection(ProjectConfigurationPlatforms) = postSolution
		{81B214AD-1172-4F36-8439-43AE56398D0B}.Debug|Any CPU.ActiveCfg = Debug|Any CPU
		{81B214AD-1172-4F36-8439-43AE56398D0B}.Debug|Any CPU.Build.0 = Debug|Any CPU
		{81B214AD-1172-4F36-8439-43AE56398D0B}.Debug|x64.ActiveCfg = Debug|Any CPU
		{81B214AD-1172-4F36-8439-43AE56398D0B}.Debug|x64.Build.0 = Debug|Any CPU
		{81B214AD-1172-4F36-8439-43AE56398D0B}.Debug|x86.ActiveCfg = Debug|Any CPU
		{81B214AD-1172-4F36-8439-43AE56398D0B}.Debug|x86.Build.0 = Debug|Any CPU
		{81B214AD-1172-4F36-8439-43AE56398D0B}.Release|Any CPU.ActiveCfg = Release|Any CPU
		{81B214AD-1172-4F36-8439-43AE56398D0B}.Release|Any CPU.Build.0 = Release|Any CPU
		{81B214AD-1172-4F36-8439-43AE56398D0B}.Release|x64.ActiveCfg = Release|Any CPU
		{81B214AD-1172-4F36-8439-43AE56398D0B}.Release|x64.Build.0 = Release|Any CPU
		{81B214AD-1172-4F36-8439-43AE56398D0B}.Release|x86.ActiveCfg = Release|Any CPU
		{81B214AD-1172-4F36-8439-43AE56398D0B}.Release|x86.Build.0 = Release|Any CPU
		{EEC4F172-DB2D-4609-951D-C4CE13F7C345}.Debug|Any CPU.ActiveCfg = Debug|Any CPU
		{EEC4F172-DB2D-4609-951D-C4CE13F7C345}.Debug|Any CPU.Build.0 = Debug|Any CPU
		{EEC4F172-DB2D-4609-951D-C4CE13F7C345}.Debug|x64.ActiveCfg = Debug|Any CPU
		{EEC4F172-DB2D-4609-951D-C4CE13F7C345}.Debug|x64.Build.0 = Debug|Any CPU
		{EEC4F172-DB2D-4609-951D-C4CE13F7C345}.Debug|x86.ActiveCfg = Debug|Any CPU
		{EEC4F172-DB2D-4609-951D-C4CE13F7C345}.Debug|x86.Build.0 = Debug|Any CPU
		{EEC4F172-DB2D-4609-951D-C4CE13F7C345}.Release|Any CPU.ActiveCfg = Release|Any CPU
		{EEC4F172-DB2D-4609-951D-C4CE13F7C345}.Release|Any CPU.Build.0 = Release|Any CPU
		{EEC4F172-DB2D-4609-951D-C4CE13F7C345}.Release|x64.ActiveCfg = Release|Any CPU
		{EEC4F172-DB2D-4609-951D-C4CE13F7C345}.Release|x64.Build.0 = Release|Any CPU
		{EEC4F172-DB2D-4609-951D-C4CE13F7C345}.Release|x86.ActiveCfg = Release|Any CPU
		{EEC4F172-DB2D-4609-951D-C4CE13F7C345}.Release|x86.Build.0 = Release|Any CPU
		{946F18DE-49D4-4899-AF69-6695203BB149}.Debug|Any CPU.ActiveCfg = Debug|Any CPU
		{946F18DE-49D4-4899-AF69-6695203BB149}.Debug|Any CPU.Build.0 = Debug|Any CPU
		{946F18DE-49D4-4899-AF69-6695203BB149}.Debug|x64.ActiveCfg = Debug|Any CPU
		{946F18DE-49D4-4899-AF69-6695203BB149}.Debug|x64.Build.0 = Debug|Any CPU
		{946F18DE-49D4-4899-AF69-6695203BB149}.Debug|x86.ActiveCfg = Debug|Any CPU
		{946F18DE-49D4-4899-AF69-6695203BB149}.Debug|x86.Build.0 = Debug|Any CPU
		{946F18DE-49D4-4899-AF69-6695203BB149}.Release|Any CPU.ActiveCfg = Release|Any CPU
		{946F18DE-49D4-4899-AF69-6695203BB149}.Release|Any CPU.Build.0 = Release|Any CPU
		{946F18DE-49D4-4899-AF69-6695203BB149}.Release|x64.ActiveCfg = Release|Any CPU
		{946F18DE-49D4-4899-AF69-6695203BB149}.Release|x64.Build.0 = Release|Any CPU
		{946F18DE-49D4-4899-AF69-6695203BB149}.Release|x86.ActiveCfg = Release|Any CPU
		{946F18DE-49D4-4899-AF69-6695203BB149}.Release|x86.Build.0 = Release|Any CPU
		{1901F0AB-EB9E-4313-90C7-8EB0EE28342E}.Debug|Any CPU.ActiveCfg = Debug|Any CPU
		{1901F0AB-EB9E-4313-90C7-8EB0EE28342E}.Debug|Any CPU.Build.0 = Debug|Any CPU
		{1901F0AB-EB9E-4313-90C7-8EB0EE28342E}.Debug|x64.ActiveCfg = Debug|Any CPU
		{1901F0AB-EB9E-4313-90C7-8EB0EE28342E}.Debug|x64.Build.0 = Debug|Any CPU
		{1901F0AB-EB9E-4313-90C7-8EB0EE28342E}.Debug|x86.ActiveCfg = Debug|Any CPU
		{1901F0AB-EB9E-4313-90C7-8EB0EE28342E}.Debug|x86.Build.0 = Debug|Any CPU
		{1901F0AB-EB9E-4313-90C7-8EB0EE28342E}.Release|Any CPU.ActiveCfg = Release|Any CPU
		{1901F0AB-EB9E-4313-90C7-8EB0EE28342E}.Release|Any CPU.Build.0 = Release|Any CPU
		{1901F0AB-EB9E-4313-90C7-8EB0EE28342E}.Release|x64.ActiveCfg = Release|Any CPU
		{1901F0AB-EB9E-4313-90C7-8EB0EE28342E}.Release|x64.Build.0 = Release|Any CPU
		{1901F0AB-EB9E-4313-90C7-8EB0EE28342E}.Release|x86.ActiveCfg = Release|Any CPU
		{1901F0AB-EB9E-4313-90C7-8EB0EE28342E}.Release|x86.Build.0 = Release|Any CPU
		{F6F9AAC8-D2F9-4C59-97A3-17693115FCA6}.Debug|Any CPU.ActiveCfg = Debug|Any CPU
		{F6F9AAC8-D2F9-4C59-97A3-17693115FCA6}.Debug|Any CPU.Build.0 = Debug|Any CPU
		{F6F9AAC8-D2F9-4C59-97A3-17693115FCA6}.Debug|x64.ActiveCfg = Debug|Any CPU
		{F6F9AAC8-D2F9-4C59-97A3-17693115FCA6}.Debug|x64.Build.0 = Debug|Any CPU
		{F6F9AAC8-D2F9-4C59-97A3-17693115FCA6}.Debug|x86.ActiveCfg = Debug|Any CPU
		{F6F9AAC8-D2F9-4C59-97A3-17693115FCA6}.Debug|x86.Build.0 = Debug|Any CPU
		{F6F9AAC8-D2F9-4C59-97A3-17693115FCA6}.Release|Any CPU.ActiveCfg = Release|Any CPU
		{F6F9AAC8-D2F9-4C59-97A3-17693115FCA6}.Release|Any CPU.Build.0 = Release|Any CPU
		{F6F9AAC8-D2F9-4C59-97A3-17693115FCA6}.Release|x64.ActiveCfg = Release|Any CPU
		{F6F9AAC8-D2F9-4C59-97A3-17693115FCA6}.Release|x64.Build.0 = Release|Any CPU
		{F6F9AAC8-D2F9-4C59-97A3-17693115FCA6}.Release|x86.ActiveCfg = Release|Any CPU
		{F6F9AAC8-D2F9-4C59-97A3-17693115FCA6}.Release|x86.Build.0 = Release|Any CPU
		{7EB3F476-E404-4AC5-972C-A8AB5B2360F0}.Debug|Any CPU.ActiveCfg = Debug|Any CPU
		{7EB3F476-E404-4AC5-972C-A8AB5B2360F0}.Debug|Any CPU.Build.0 = Debug|Any CPU
		{7EB3F476-E404-4AC5-972C-A8AB5B2360F0}.Debug|x64.ActiveCfg = Debug|Any CPU
		{7EB3F476-E404-4AC5-972C-A8AB5B2360F0}.Debug|x64.Build.0 = Debug|Any CPU
		{7EB3F476-E404-4AC5-972C-A8AB5B2360F0}.Debug|x86.ActiveCfg = Debug|Any CPU
		{7EB3F476-E404-4AC5-972C-A8AB5B2360F0}.Debug|x86.Build.0 = Debug|Any CPU
		{7EB3F476-E404-4AC5-972C-A8AB5B2360F0}.Release|Any CPU.ActiveCfg = Release|Any CPU
		{7EB3F476-E404-4AC5-972C-A8AB5B2360F0}.Release|Any CPU.Build.0 = Release|Any CPU
		{7EB3F476-E404-4AC5-972C-A8AB5B2360F0}.Release|x64.ActiveCfg = Release|Any CPU
		{7EB3F476-E404-4AC5-972C-A8AB5B2360F0}.Release|x64.Build.0 = Release|Any CPU
		{7EB3F476-E404-4AC5-972C-A8AB5B2360F0}.Release|x86.ActiveCfg = Release|Any CPU
		{7EB3F476-E404-4AC5-972C-A8AB5B2360F0}.Release|x86.Build.0 = Release|Any CPU
		{B92718C6-19B3-4C50-B5B1-53511980F756}.Debug|Any CPU.ActiveCfg = Debug|Any CPU
		{B92718C6-19B3-4C50-B5B1-53511980F756}.Debug|Any CPU.Build.0 = Debug|Any CPU
		{B92718C6-19B3-4C50-B5B1-53511980F756}.Debug|x64.ActiveCfg = Debug|Any CPU
		{B92718C6-19B3-4C50-B5B1-53511980F756}.Debug|x64.Build.0 = Debug|Any CPU
		{B92718C6-19B3-4C50-B5B1-53511980F756}.Debug|x86.ActiveCfg = Debug|Any CPU
		{B92718C6-19B3-4C50-B5B1-53511980F756}.Debug|x86.Build.0 = Debug|Any CPU
		{B92718C6-19B3-4C50-B5B1-53511980F756}.Release|Any CPU.ActiveCfg = Release|Any CPU
		{B92718C6-19B3-4C50-B5B1-53511980F756}.Release|Any CPU.Build.0 = Release|Any CPU
		{B92718C6-19B3-4C50-B5B1-53511980F756}.Release|x64.ActiveCfg = Release|Any CPU
		{B92718C6-19B3-4C50-B5B1-53511980F756}.Release|x64.Build.0 = Release|Any CPU
		{B92718C6-19B3-4C50-B5B1-53511980F756}.Release|x86.ActiveCfg = Release|Any CPU
		{B92718C6-19B3-4C50-B5B1-53511980F756}.Release|x86.Build.0 = Release|Any CPU
		{C29D01D3-BC57-41D7-A2C7-8545DF366533}.Debug|Any CPU.ActiveCfg = Debug|Any CPU
		{C29D01D3-BC57-41D7-A2C7-8545DF366533}.Debug|Any CPU.Build.0 = Debug|Any CPU
		{C29D01D3-BC57-41D7-A2C7-8545DF366533}.Debug|x64.ActiveCfg = Debug|Any CPU
		{C29D01D3-BC57-41D7-A2C7-8545DF366533}.Debug|x64.Build.0 = Debug|Any CPU
		{C29D01D3-BC57-41D7-A2C7-8545DF366533}.Debug|x86.ActiveCfg = Debug|Any CPU
		{C29D01D3-BC57-41D7-A2C7-8545DF366533}.Debug|x86.Build.0 = Debug|Any CPU
		{C29D01D3-BC57-41D7-A2C7-8545DF366533}.Release|Any CPU.ActiveCfg = Release|Any CPU
		{C29D01D3-BC57-41D7-A2C7-8545DF366533}.Release|Any CPU.Build.0 = Release|Any CPU
		{C29D01D3-BC57-41D7-A2C7-8545DF366533}.Release|x64.ActiveCfg = Release|Any CPU
		{C29D01D3-BC57-41D7-A2C7-8545DF366533}.Release|x64.Build.0 = Release|Any CPU
		{C29D01D3-BC57-41D7-A2C7-8545DF366533}.Release|x86.ActiveCfg = Release|Any CPU
		{C29D01D3-BC57-41D7-A2C7-8545DF366533}.Release|x86.Build.0 = Release|Any CPU
	EndGlobalSection
	GlobalSection(SolutionProperties) = preSolution
		HideSolutionNode = FALSE
	EndGlobalSection
	GlobalSection(NestedProjects) = preSolution
		{81B214AD-1172-4F36-8439-43AE56398D0B} = {827E0CD3-B72D-47B6-A68D-7590B98EB39B}
		{EEC4F172-DB2D-4609-951D-C4CE13F7C345} = {827E0CD3-B72D-47B6-A68D-7590B98EB39B}
		{946F18DE-49D4-4899-AF69-6695203BB149} = {827E0CD3-B72D-47B6-A68D-7590B98EB39B}
		{1901F0AB-EB9E-4313-90C7-8EB0EE28342E} = {0AB3BF05-4346-4AA6-1389-037BE0695223}
		{F6F9AAC8-D2F9-4C59-97A3-17693115FCA6} = {827E0CD3-B72D-47B6-A68D-7590B98EB39B}
		{7EB3F476-E404-4AC5-972C-A8AB5B2360F0} = {827E0CD3-B72D-47B6-A68D-7590B98EB39B}
		{B92718C6-19B3-4C50-B5B1-53511980F756} = {0AB3BF05-4346-4AA6-1389-037BE0695223}
		{C29D01D3-BC57-41D7-A2C7-8545DF366533} = {827E0CD3-B72D-47B6-A68D-7590B98EB39B}
	EndGlobalSection
EndGlobal
